
Microsoft Visual Studio Solution File, Format Version 12.00
# Visual Studio Version 16
VisualStudioVersion = 16.0.28922.388
MinimumVisualStudioVersion = 10.0.40219.1
Project("{FAE04EC0-301F-11D3-BF4B-00C04F79EFBC}") = "MuseDashModManager", "MuseDashModManager\MuseDashModManager.csproj", "{BC37F97A-B56F-4879-8867-D54C29AD93B6}"
EndProject
Global
	GlobalSection(SolutionConfigurationPlatforms) = preSolution
		Debug|Any CPU = Debug|Any CPU
		Release|Any CPU = Release|Any CPU
	EndGlobalSection
	GlobalSection(ProjectConfigurationPlatforms) = postSolution
		{BC37F97A-B56F-4879-8867-D54C29AD93B6}.Debug|Any CPU.ActiveCfg = Debug|Any CPU
		{BC37F97A-B56F-4879-8867-D54C29AD93B6}.Debug|Any CPU.Build.0 = Debug|Any CPU
		{BC37F97A-B56F-4879-8867-D54C29AD93B6}.Release|Any CPU.ActiveCfg = Release|Any CPU
		{BC37F97A-B56F-4879-8867-D54C29AD93B6}.Release|Any CPU.Build.0 = Release|Any CPU
	EndGlobalSection
	GlobalSection(SolutionProperties) = preSolution
		HideSolutionNode = FALSE
	EndGlobalSection
	GlobalSection(ExtensibilityGlobals) = postSolution
		SolutionGuid = {10198707-8BAA-4C23-911D-47689FA4BD4C}
	EndGlobalSection
EndGlobal
